
Microsoft Visual Studio Solution File, Format Version 12.00
# Visual Studio 15
Project("{FAE04EC0-301F-11D3-BF4B-00C04F79EFBC}") = "Assembly-CSharp", "Assembly-CSharp.csproj", "{1D7B58B6-4606-C035-97EE-EB4AA6A04C57}"
EndProject
Project("{FAE04EC0-301F-11D3-BF4B-00C04F79EFBC}") = "Assembly-CSharp-Editor", "Assembly-CSharp-Editor.csproj", "{CF9687F7-7515-83A4-0662-D7E3FD322CE6}"
EndProject
Global
	GlobalSection(SolutionConfigurationPlatforms) = preSolution
		Debug|Any CPU = Debug|Any CPU
		Release|Any CPU = Release|Any CPU
	EndGlobalSection
	GlobalSection(ProjectConfigurationPlatforms) = postSolution
		{1D7B58B6-4606-C035-97EE-EB4AA6A04C57}.Debug|Any CPU.ActiveCfg = Debug|Any CPU
		{1D7B58B6-4606-C035-97EE-EB4AA6A04C57}.Debug|Any CPU.Build.0 = Debug|Any CPU
		{1D7B58B6-4606-C035-97EE-EB4AA6A04C57}.Release|Any CPU.ActiveCfg = Release|Any CPU
		{1D7B58B6-4606-C035-97EE-EB4AA6A04C57}.Release|Any CPU.Build.0 = Release|Any CPU
		{CF9687F7-7515-83A4-0662-D7E3FD322CE6}.Debug|Any CPU.ActiveCfg = Debug|Any CPU
		{CF9687F7-7515-83A4-0662-D7E3FD322CE6}.Debug|Any CPU.Build.0 = Debug|Any CPU
		{CF9687F7-7515-83A4-0662-D7E3FD322CE6}.Release|Any CPU.ActiveCfg = Release|Any CPU
		{CF9687F7-7515-83A4-0662-D7E3FD322CE6}.Release|Any CPU.Build.0 = Release|Any CPU
	EndGlobalSection
	GlobalSection(SolutionProperties) = preSolution
		HideSolutionNode = FALSE
	EndGlobalSection
EndGlobal
